
Microsoft Visual Studio Solution File, Format Version 12.00
# Visual Studio Version 16
VisualStudioVersion = 16.0.30413.136
MinimumVisualStudioVersion = 10.0.40219.1
Project("{9A19103F-16F7-4668-BE54-9A1E7A4F7556}") = "Hello", "Hello.csproj", "{AB0FFD81-EC52-4CFD-A58A-62EBADD40662}"
EndProject
Global
	GlobalSection(SolutionConfigurationPlatforms) = preSolution
		Debug|Any CPU = Debug|Any CPU
		Release|Any CPU = Release|Any CPU
	EndGlobalSection
	GlobalSection(ProjectConfigurationPlatforms) = postSolution
		{AB0FFD81-EC52-4CFD-A58A-62EBADD40662}.Debug|Any CPU.ActiveCfg = Debug|Any CPU
		{AB0FFD81-EC52-4CFD-A58A-62EBADD40662}.Debug|Any CPU.Build.0 = Debug|Any CPU
		{AB0FFD81-EC52-4CFD-A58A-62EBADD40662}.Release|Any CPU.ActiveCfg = Release|Any CPU
		{AB0FFD81-EC52-4CFD-A58A-62EBADD40662}.Release|Any CPU.Build.0 = Release|Any CPU
	EndGlobalSection
	GlobalSection(SolutionProperties) = preSolution
		HideSolutionNode = FALSE
	EndGlobalSection
	GlobalSection(ExtensibilityGlobals) = postSolution
		SolutionGuid = {80E82396-7387-41DE-B3BE-EB97673CE731}
	EndGlobalSection
EndGlobal
